
Microsoft Visual Studio Solution File, Format Version 12.00
# Visual Studio Version 17
VisualStudioVersion = 17.2.32602.215
MinimumVisualStudioVersion = 10.0.40219.1
Project("{FAE04EC0-301F-11D3-BF4B-00C04F79EFBC}") = "Another-Mirai-Native", "Another-Mirai-Native\Another-Mirai-Native.csproj", "{CBEB805F-E137-4649-82EF-DA9647280FBE}"
EndProject
Project("{2150E333-8FDC-42A3-9474-1A3956D46DE8}") = "Solution Items", "Solution Items", "{D4DC1BED-2B55-4A5D-AC44-E99CFFE2EA3D}"
	ProjectSection(SolutionItems) = preProject
		.editorconfig = .editorconfig
	EndProjectSection
EndProject
Project("{FAE04EC0-301F-11D3-BF4B-00C04F79EFBC}") = "CQP", "CQP\CQP.csproj", "{E5726F22-0147-408C-8B63-15D41E5B6167}"
EndProject
Global
	GlobalSection(SolutionConfigurationPlatforms) = preSolution
		Debug|Any CPU = Debug|Any CPU
		Release|Any CPU = Release|Any CPU
	EndGlobalSection
	GlobalSection(ProjectConfigurationPlatforms) = postSolution
		{CBEB805F-E137-4649-82EF-DA9647280FBE}.Debug|Any CPU.ActiveCfg = Debug|Any CPU
		{CBEB805F-E137-4649-82EF-DA9647280FBE}.Debug|Any CPU.Build.0 = Debug|Any CPU
		{CBEB805F-E137-4649-82EF-DA9647280FBE}.Release|Any CPU.ActiveCfg = Release|Any CPU
		{CBEB805F-E137-4649-82EF-DA9647280FBE}.Release|Any CPU.Build.0 = Release|Any CPU
		{E5726F22-0147-408C-8B63-15D41E5B6167}.Debug|Any CPU.ActiveCfg = Debug|Any CPU
		{E5726F22-0147-408C-8B63-15D41E5B6167}.Debug|Any CPU.Build.0 = Debug|Any CPU
		{E5726F22-0147-408C-8B63-15D41E5B6167}.Release|Any CPU.ActiveCfg = Release|Any CPU
		{E5726F22-0147-408C-8B63-15D41E5B6167}.Release|Any CPU.Build.0 = Release|Any CPU
	EndGlobalSection
	GlobalSection(SolutionProperties) = preSolution
		HideSolutionNode = FALSE
	EndGlobalSection
	GlobalSection(ExtensibilityGlobals) = postSolution
		SolutionGuid = {90B31E6A-3F82-4D88-ABF8-66377398C478}
	EndGlobalSection
EndGlobal
